
Microsoft Visual Studio Solution File, Format Version 12.00
# Visual Studio Version 17
VisualStudioVersion = 17.14.36401.2
MinimumVisualStudioVersion = 10.0.40219.1
Project("{8BC9CEB8-8B4A-11D0-8D11-00A0C91BC942}") = "ksmaxis", "..\ksmaxis.vcxproj", "{E367B8EF-8306-4266-8577-77AE178FE5D0}"
EndProject
Project("{8BC9CEB8-8B4A-11D0-8D11-00A0C91BC942}") = "ksmaxis_example", "ksmaxis_example.vcxproj", "{E19E61F3-AEDF-41AB-86A0-2649D809531B}"
	ProjectSection(ProjectDependencies) = postProject
		{E367B8EF-8306-4266-8577-77AE178FE5D0} = {E367B8EF-8306-4266-8577-77AE178FE5D0}
	EndProjectSection
EndProject
Global
	GlobalSection(SolutionConfigurationPlatforms) = preSolution
		Debug|x64 = Debug|x64
		Debug|x86 = Debug|x86
		Release|x64 = Release|x64
		Release|x86 = Release|x86
	EndGlobalSection
	GlobalSection(ProjectConfigurationPlatforms) = postSolution
		{E367B8EF-8306-4266-8577-77AE178FE5D0}.Debug|x64.ActiveCfg = Debug|x64
		{E367B8EF-8306-4266-8577-77AE178FE5D0}.Debug|x64.Build.0 = Debug|x64
		{E367B8EF-8306-4266-8577-77AE178FE5D0}.Debug|x86.ActiveCfg = Debug|Win32
		{E367B8EF-8306-4266-8577-77AE178FE5D0}.Debug|x86.Build.0 = Debug|Win32
		{E367B8EF-8306-4266-8577-77AE178FE5D0}.Release|x64.ActiveCfg = Release|x64
		{E367B8EF-8306-4266-8577-77AE178FE5D0}.Release|x64.Build.0 = Release|x64
		{E367B8EF-8306-4266-8577-77AE178FE5D0}.Release|x86.ActiveCfg = Release|Win32
		{E367B8EF-8306-4266-8577-77AE178FE5D0}.Release|x86.Build.0 = Release|Win32
		{E19E61F3-AEDF-41AB-86A0-2649D809531B}.Debug|x64.ActiveCfg = Debug|x64
		{E19E61F3-AEDF-41AB-86A0-2649D809531B}.Debug|x64.Build.0 = Debug|x64
		{E19E61F3-AEDF-41AB-86A0-2649D809531B}.Debug|x86.ActiveCfg = Debug|Win32
		{E19E61F3-AEDF-41AB-86A0-2649D809531B}.Debug|x86.Build.0 = Debug|Win32
		{E19E61F3-AEDF-41AB-86A0-2649D809531B}.Release|x64.ActiveCfg = Release|x64
		{E19E61F3-AEDF-41AB-86A0-2649D809531B}.Release|x64.Build.0 = Release|x64
		{E19E61F3-AEDF-41AB-86A0-2649D809531B}.Release|x86.ActiveCfg = Release|Win32
		{E19E61F3-AEDF-41AB-86A0-2649D809531B}.Release|x86.Build.0 = Release|Win32
	EndGlobalSection
	GlobalSection(SolutionProperties) = preSolution
		HideSolutionNode = FALSE
	EndGlobalSection
	GlobalSection(ExtensibilityGlobals) = postSolution
		SolutionGuid = {408A3E77-487B-4CFB-A933-A404AA904DE3}
	EndGlobalSection
EndGlobal
